
Microsoft Visual Studio Solution File, Format Version 12.00
# Visual Studio Version 17
VisualStudioVersion = 17.0.31903.59
MinimumVisualStudioVersion = 10.0.40219.1
Project("{FAE04EC0-301F-11D3-BF4B-00C04F79EFBC}") = "BookManagerApp", "BookManagerApp\BookManagerApp.csproj", "{5B035836-289D-438F-B4CD-62249B0641B2}"
EndProject
Global
	GlobalSection(SolutionConfigurationPlatforms) = preSolution
		Debug|Any CPU = Debug|Any CPU
		Debug|x64 = Debug|x64
		Debug|x86 = Debug|x86
		Release|Any CPU = Release|Any CPU
		Release|x64 = Release|x64
		Release|x86 = Release|x86
	EndGlobalSection
	GlobalSection(ProjectConfigurationPlatforms) = postSolution
		{5B035836-289D-438F-B4CD-62249B0641B2}.Debug|Any CPU.ActiveCfg = Debug|Any CPU
		{5B035836-289D-438F-B4CD-62249B0641B2}.Debug|Any CPU.Build.0 = Debug|Any CPU
		{5B035836-289D-438F-B4CD-62249B0641B2}.Debug|x64.ActiveCfg = Debug|Any CPU
		{5B035836-289D-438F-B4CD-62249B0641B2}.Debug|x64.Build.0 = Debug|Any CPU
		{5B035836-289D-438F-B4CD-62249B0641B2}.Debug|x86.ActiveCfg = Debug|Any CPU
		{5B035836-289D-438F-B4CD-62249B0641B2}.Debug|x86.Build.0 = Debug|Any CPU
		{5B035836-289D-438F-B4CD-62249B0641B2}.Release|Any CPU.ActiveCfg = Release|Any CPU
		{5B035836-289D-438F-B4CD-62249B0641B2}.Release|Any CPU.Build.0 = Release|Any CPU
		{5B035836-289D-438F-B4CD-62249B0641B2}.Release|x64.ActiveCfg = Release|Any CPU
		{5B035836-289D-438F-B4CD-62249B0641B2}.Release|x64.Build.0 = Release|Any CPU
		{5B035836-289D-438F-B4CD-62249B0641B2}.Release|x86.ActiveCfg = Release|Any CPU
		{5B035836-289D-438F-B4CD-62249B0641B2}.Release|x86.Build.0 = Release|Any CPU
	EndGlobalSection
	GlobalSection(SolutionProperties) = preSolution
		HideSolutionNode = FALSE
	EndGlobalSection
	GlobalSection(ExtensibilityGlobals) = postSolution
		SolutionGuid = {D29E4B4A-7AA1-406A-A390-926D3F3C6253}
	EndGlobalSection
EndGlobal
